<?xml version="1.0" encoding="utf-8"?>
<Project ToolsVersion="4.0" xmlns="http://schemas.microsoft.com/developer/msbuild/2003">
  <ItemGroup>
    <ClCompile Include="Main.cpp" />
    <ClCompile Include="Utility\Input.cpp">
      <Filter>Utility</Filter>
    </ClCompile>
    <ClCompile Include="Utility\Timer.cpp">
      <Filter>Utility</Filter>
    </ClCompile>
    <ClCompile Include="Math\Matrix4x4.cpp">
      <Filter>Math</Filter>
    </ClCompile>
    <ClCompile Include="Math\Vector2.cpp">
      <Filter>Math</Filter>
    </ClCompile>
    <ClCompile Include="Math\Vector3.cpp">
      <Filter>Math</Filter>
    </ClCompile>
    <ClCompile Include="Math\Vector4.cpp">
      <Filter>Math</Filter>
    </ClCompile>
    <ClCompile Include="Render\DXDevice.cpp">
      <Filter>Render</Filter>
    </ClCompile>
    <ClCompile Include="Render\Mesh.cpp">
      <Filter>Render</Filter>
    </ClCompile>
    <ClCompile Include="Render\Shader.cpp">
      <Filter>Render</Filter>
    </ClCompile>
    <ClCompile Include="Render\State.cpp">
      <Filter>Render</Filter>
    </ClCompile>
    <ClCompile Include="Math\MathHelpers.cpp">
      <Filter>Math</Filter>
    </ClCompile>
    <ClCompile Include="Scene\Camera.cpp">
      <Filter>Scene</Filter>
    </ClCompile>
    <ClCompile Include="Scene\Scene.cpp">
      <Filter>Scene</Filter>
    </ClCompile>
    <ClCompile Include="Render\RenderGlobals.cpp">
      <Filter>Render</Filter>
    </ClCompile>
    <ClCompile Include="Scene\Entity.cpp">
      <Filter>Scene</Filter>
    </ClCompile>
    <ClCompile Include="Scene\Messenger.cpp">
      <Filter>Scene</Filter>
    </ClCompile>
    <ClCompile Include="Render\RenderMethod.cpp">
      <Filter>Render</Filter>
    </ClCompile>
    <ClCompile Include="Render\Texture.cpp">
      <Filter>Render</Filter>
    </ClCompile>
    <ClCompile Include="Render\CBuffer.cpp">
      <Filter>Render</Filter>
    </ClCompile>
    <ClCompile Include="Scene\EntityManager.cpp">
      <Filter>Scene</Filter>
    </ClCompile>
    <ClCompile Include="Scene\Boat.cpp">
      <Filter>Scene</Filter>
    </ClCompile>
    <ClCompile Include="Render\Assimp.cpp">
      <Filter>Render</Filter>
    </ClCompile>
    <ClCompile Include="Scene\SceneGlobals.cpp">
      <Filter>Scene</Filter>
    </ClCompile>
    <ClCompile Include="Scene\Missile.cpp">
      <Filter>Scene</Filter>
    </ClCompile>
    <ClCompile Include="External\imgui\imgui.cpp">
      <Filter>imgui</Filter>
    </ClCompile>
    <ClCompile Include="External\imgui\imgui_demo.cpp">
      <Filter>imgui</Filter>
    </ClCompile>
    <ClCompile Include="External\imgui\imgui_draw.cpp">
      <Filter>imgui</Filter>
    </ClCompile>
    <ClCompile Include="External\imgui\imgui_tables.cpp">
      <Filter>imgui</Filter>
    </ClCompile>
    <ClCompile Include="External\imgui\imgui_widgets.cpp">
      <Filter>imgui</Filter>
    </ClCompile>
    <ClCompile Include="External\imgui\backends\imgui_impl_dx11.cpp">
      <Filter>imgui</Filter>
    </ClCompile>
    <ClCompile Include="External\imgui\backends\imgui_impl_win32.cpp">
      <Filter>imgui</Filter>
    </ClCompile>
    <ClCompile Include="XML\ParseLevel.cpp">
      <Filter>XML\Data</Filter>
    </ClCompile>
    <ClCompile Include="External\tinyxml2\tinyxml2.cpp">
      <Filter>XML\tinyxml2</Filter>
    </ClCompile>
    <ClCompile Include="Scene\RandomCrate.cpp">
      <Filter>Scene</Filter>
    </ClCompile>
    <ClCompile Include="Scene\SeaMine.cpp">
      <Filter>Scene</Filter>
    </ClCompile>
    <ClCompile Include="Scene\Shield.cpp">
      <Filter>Scene</Filter>
    </ClCompile>
    <ClCompile Include="Obstacle.cpp">
      <Filter>Scene</Filter>
    </ClCompile>
  </ItemGroup>
  <ItemGroup>
    <ClInclude Include="Utility\ColourTypes.h">
      <Filter>Utility</Filter>
    </ClInclude>
    <ClInclude Include="Utility\Input.h">
      <Filter>Utility</Filter>
    </ClInclude>
    <ClInclude Include="Utility\Timer.h">
      <Filter>Utility</Filter>
    </ClInclude>
    <ClInclude Include="Math\Matrix4x4.h">
      <Filter>Math</Filter>
    </ClInclude>
    <ClInclude Include="Math\Vector2.h">
      <Filter>Math</Filter>
    </ClInclude>
    <ClInclude Include="Math\Vector3.h">
      <Filter>Math</Filter>
    </ClInclude>
    <ClInclude Include="Math\MathHelpers.h">
      <Filter>Math</Filter>
    </ClInclude>
    <ClInclude Include="Math\Vector4.h">
      <Filter>Math</Filter>
    </ClInclude>
    <ClInclude Include="Render\DXDevice.h">
      <Filter>Render</Filter>
    </ClInclude>
    <ClInclude Include="Render\Mesh.h">
      <Filter>Render</Filter>
    </ClInclude>
    <ClInclude Include="Render\Shader.h">
      <Filter>Render</Filter>
    </ClInclude>
    <ClInclude Include="Render\State.h">
      <Filter>Render</Filter>
    </ClInclude>
    <ClInclude Include="Scene\Camera.h">
      <Filter>Scene</Filter>
    </ClInclude>
    <ClInclude Include="Scene\Scene.h">
      <Filter>Scene</Filter>
    </ClInclude>
    <ClInclude Include="Render\RenderGlobals.h">
      <Filter>Render</Filter>
    </ClInclude>
    <ClInclude Include="Scene\Entity.h">
      <Filter>Scene</Filter>
    </ClInclude>
    <ClInclude Include="Scene\Messenger.h">
      <Filter>Scene</Filter>
    </ClInclude>
    <ClInclude Include="Render\RenderMethod.h">
      <Filter>Render</Filter>
    </ClInclude>
    <ClInclude Include="Render\Texture.h">
      <Filter>Render</Filter>
    </ClInclude>
    <ClInclude Include="Render\MeshTypes.h">
      <Filter>Render</Filter>
    </ClInclude>
    <ClInclude Include="Render\CBuffer.h">
      <Filter>Render</Filter>
    </ClInclude>
    <ClInclude Include="Scene\EntityManager.h">
      <Filter>Scene</Filter>
    </ClInclude>
    <ClInclude Include="Scene\Boat.h">
      <Filter>Scene</Filter>
    </ClInclude>
    <ClInclude Include="Render\TextureTypes.h">
      <Filter>Render</Filter>
    </ClInclude>
    <ClInclude Include="Render\CBufferTypes.h">
      <Filter>Render</Filter>
    </ClInclude>
    <ClInclude Include="Render\Assimp.h">
      <Filter>Render</Filter>
    </ClInclude>
    <ClInclude Include="Utility\Utility.h">
      <Filter>Utility</Filter>
    </ClInclude>
    <ClInclude Include="Scene\SceneGlobals.h">
      <Filter>Scene</Filter>
    </ClInclude>
    <ClInclude Include="Scene\EntityTypes.h">
      <Filter>Scene</Filter>
    </ClInclude>
    <ClInclude Include="Scene\Missile.h">
      <Filter>Scene</Filter>
    </ClInclude>
    <ClInclude Include="External\imgui\imgui.h">
      <Filter>imgui</Filter>
    </ClInclude>
    <ClInclude Include="External\imgui\backends\imgui_impl_dx11.h">
      <Filter>imgui</Filter>
    </ClInclude>
    <ClInclude Include="External\imgui\backends\imgui_impl_win32.h">
      <Filter>imgui</Filter>
    </ClInclude>
    <ClInclude Include="XML\ParseLevel.h">
      <Filter>XML\Data</Filter>
    </ClInclude>
    <ClInclude Include="Scene\ReloadStation.h">
      <Filter>Scene</Filter>
    </ClInclude>
    <ClInclude Include="External\tinyxml2\tinyxml2.h">
      <Filter>XML\tinyxml2</Filter>
    </ClInclude>
    <ClInclude Include="Scene\Obstacle.h">
      <Filter>Scene</Filter>
    </ClInclude>
    <ClInclude Include="Scene\RandomCrate.h">
      <Filter>Scene</Filter>
    </ClInclude>
    <ClInclude Include="Scene\SeaMine.h">
      <Filter>Scene</Filter>
    </ClInclude>
    <ClInclude Include="Scene\Shield.h">
      <Filter>Scene</Filter>
    </ClInclude>
  </ItemGroup>
  <ItemGroup>
    <Filter Include="Utility">
      <UniqueIdentifier>{3b75a466-1b3f-44db-90a2-73a9bfc56583}</UniqueIdentifier>
    </Filter>
    <Filter Include="Math">
      <UniqueIdentifier>{739716ac-bd96-4e4c-b3a2-61c7fdfdea4e}</UniqueIdentifier>
    </Filter>
    <Filter Include="Render">
      <UniqueIdentifier>{81e3d2fa-5129-4c0d-8748-37189b0f5019}</UniqueIdentifier>
    </Filter>
    <Filter Include="Render\Shaders">
      <UniqueIdentifier>{1d198607-cf52-46a9-8994-554d241d97a0}</UniqueIdentifier>
    </Filter>
    <Filter Include="Scene">
      <UniqueIdentifier>{69d0e963-d473-4931-8f55-cd71e15187ff}</UniqueIdentifier>
    </Filter>
    <Filter Include="imgui">
      <UniqueIdentifier>{1e918ee3-0c81-40a4-82c0-92535caeaf88}</UniqueIdentifier>
    </Filter>
    <Filter Include="XML">
      <UniqueIdentifier>{9ab764dc-7a31-4337-bc16-a149cee0f346}</UniqueIdentifier>
    </Filter>
    <Filter Include="XML\tinyxml2">
      <UniqueIdentifier>{382801aa-fc3b-4a4c-b98c-f94e6ada21ea}</UniqueIdentifier>
    </Filter>
    <Filter Include="XML\Data">
      <UniqueIdentifier>{7da9d2c7-aa98-4880-85d4-02a19854fec1}</UniqueIdentifier>
    </Filter>
  </ItemGroup>
  <ItemGroup>
    <FxCompile Include="Render\Shaders\ps_blinn-1_tex-d.hlsl">
      <Filter>Render\Shaders</Filter>
    </FxCompile>
    <FxCompile Include="Render\Shaders\vs_pnuv_p2c_pn2w_uv.hlsl">
      <Filter>Render\Shaders</Filter>
    </FxCompile>
    <FxCompile Include="Render\Shaders\vs_pntuv_p2c_pnt2w_uv.hlsl">
      <Filter>Render\Shaders</Filter>
    </FxCompile>
    <FxCompile Include="Render\Shaders\ps_pbr1-1p.hlsl">
      <Filter>Render\Shaders</Filter>
    </FxCompile>
    <FxCompile Include="Render\Shaders\ps_blinn-1n_tex-dn.hlsl">
      <Filter>Render\Shaders</Filter>
    </FxCompile>
    <FxCompile Include="Render\Shaders\ps_blinn-1p_tex-dnh.hlsl">
      <Filter>Render\Shaders</Filter>
    </FxCompile>
    <FxCompile Include="Render\Shaders\ps_colour-only.hlsl">
      <Filter>Render\Shaders</Filter>
    </FxCompile>
    <FxCompile Include="Render\Shaders\ps_tex-only.hlsl">
      <Filter>Render\Shaders</Filter>
    </FxCompile>
    <FxCompile Include="Render\Shaders\vs_p_p2c.hlsl">
      <Filter>Render\Shaders</Filter>
    </FxCompile>
    <FxCompile Include="Render\Shaders\vs_pn_p2c_pn2w.hlsl">
      <Filter>Render\Shaders</Filter>
    </FxCompile>
    <FxCompile Include="Render\Shaders\vs_puv_p2c_uv.hlsl">
      <Filter>Render\Shaders</Filter>
    </FxCompile>
    <FxCompile Include="Render\Shaders\ps_blinn-1.hlsl">
      <Filter>Render\Shaders</Filter>
    </FxCompile>
    <FxCompile Include="Render\Shaders\ps_pbr1-1n.hlsl">
      <Filter>Render\Shaders</Filter>
    </FxCompile>
  </ItemGroup>
  <ItemGroup>
    <None Include="Render\Shaders\Common.hlsli">
      <Filter>Render\Shaders</Filter>
    </None>
  </ItemGroup>
  <ItemGroup>
    <Xml Include="Entities.xml" />
  </ItemGroup>
</Project>